// !$*UTF8*$!
{
	archiveVersion = 1;
	classes = {
	};
	objectVersion = 56;
	objects = {

/* Begin PBXBuildFile section */
		5BA25D752A3ED8CC000C3F2B /* AppDelegate.swift in Sources */ = {isa = PBXBuildFile; fileRef = 5BA25D742A3ED8CC000C3F2B /* AppDelegate.swift */; };
		5BA25D772A3ED8CC000C3F2B /* SceneDelegate.swift in Sources */ = {isa = PBXBuildFile; fileRef = 5BA25D762A3ED8CC000C3F2B /* SceneDelegate.swift */; };
		5BA25D792A3ED8CC000C3F2B /* ViewController.swift in Sources */ = {isa = PBXBuildFile; fileRef = 5BA25D782A3ED8CC000C3F2B /* ViewController.swift */; };
		5BA25D7C2A3ED8CC000C3F2B /* Main.storyboard in Resources */ = {isa = PBXBuildFile; fileRef = 5BA25D7A2A3ED8CC000C3F2B /* Main.storyboard */; };
		5BA25D7E2A3ED8CE000C3F2B /* Assets.xcassets in Resources */ = {isa = PBXBuildFile; fileRef = 5BA25D7D2A3ED8CE000C3F2B /* Assets.xcassets */; };
		5BA25D812A3ED8CE000C3F2B /* LaunchScreen.storyboard in Resources */ = {isa = PBXBuildFile; fileRef = 5BA25D7F2A3ED8CE000C3F2B /* LaunchScreen.storyboard */; };
		5BA25D8F2A3EE6EA000C3F2B /* UniformTypeIdentifiers.framework in Frameworks */ = {isa = PBXBuildFile; fileRef = 5BA25D8E2A3EE6E9000C3F2B /* UniformTypeIdentifiers.framework */; };
		5BA25D922A3EE6EA000C3F2B /* Media.xcassets in Resources */ = {isa = PBXBuildFile; fileRef = 5BA25D912A3EE6EA000C3F2B /* Media.xcassets */; };
		5BA25D942A3EE6EA000C3F2B /* ActionViewController.swift in Sources */ = {isa = PBXBuildFile; fileRef = 5BA25D932A3EE6EA000C3F2B /* ActionViewController.swift */; };
		5BA25D972A3EE6EA000C3F2B /* MainInterface.storyboard in Resources */ = {isa = PBXBuildFile; fileRef = 5BA25D952A3EE6EA000C3F2B /* MainInterface.storyboard */; };
		5BA25D9B2A3EE6EA000C3F2B /* Extension.appex in Embed Foundation Extensions */ = {isa = PBXBuildFile; fileRef = 5BA25D8C2A3EE6E9000C3F2B /* Extension.appex */; settings = {ATTRIBUTES = (RemoveHeadersOnCopy, ); }; };
		5BA25DA12A3EEF1C000C3F2B /* Action.js in Resources */ = {isa = PBXBuildFile; fileRef = 5BA25DA02A3EEF1C000C3F2B /* Action.js */; };
/* End PBXBuildFile section */

/* Begin PBXContainerItemProxy section */
		5BA25D992A3EE6EA000C3F2B /* PBXContainerItemProxy */ = {
			isa = PBXContainerItemProxy;
			containerPortal = 5BA25D692A3ED8CC000C3F2B /* Project object */;
			proxyType = 1;
			remoteGlobalIDString = 5BA25D8B2A3EE6E9000C3F2B;
			remoteInfo = Extension;
		};
/* End PBXContainerItemProxy section */

/* Begin PBXCopyFilesBuildPhase section */
		5BA25D9F2A3EE6EA000C3F2B /* Embed Foundation Extensions */ = {
			isa = PBXCopyFilesBuildPhase;
			buildActionMask = 2147483647;
			dstPath = "";
			dstSubfolderSpec = 13;
			files = (
				5BA25D9B2A3EE6EA000C3F2B /* Extension.appex in Embed Foundation Extensions */,
			);
			name = "Embed Foundation Extensions";
			runOnlyForDeploymentPostprocessing = 0;
		};
/* End PBXCopyFilesBuildPhase section */

/* Begin PBXFileReference section */
		5BA25D712A3ED8CC000C3F2B /* Project19.app */ = {isa = PBXFileReference; explicitFileType = wrapper.application; includeInIndex = 0; path = Project19.app; sourceTree = BUILT_PRODUCTS_DIR; };
		5BA25D742A3ED8CC000C3F2B /* AppDelegate.swift */ = {isa = PBXFileReference; lastKnownFileType = sourcecode.swift; path = AppDelegate.swift; sourceTree = "<group>"; };
		5BA25D762A3ED8CC000C3F2B /* SceneDelegate.swift */ = {isa = PBXFileReference; lastKnownFileType = sourcecode.swift; path = SceneDelegate.swift; sourceTree = "<group>"; };
		5BA25D782A3ED8CC000C3F2B /* ViewController.swift */ = {isa = PBXFileReference; lastKnownFileType = sourcecode.swift; path = ViewController.swift; sourceTree = "<group>"; };
		5BA25D7B2A3ED8CC000C3F2B /* Base */ = {isa = PBXFileReference; lastKnownFileType = file.storyboard; name = Base; path = Base.lproj/Main.storyboard; sourceTree = "<group>"; };
		5BA25D7D2A3ED8CE000C3F2B /* Assets.xcassets */ = {isa = PBXFileReference; lastKnownFileType = folder.assetcatalog; path = Assets.xcassets; sourceTree = "<group>"; };
		5BA25D802A3ED8CE000C3F2B /* Base */ = {isa = PBXFileReference; lastKnownFileType = file.storyboard; name = Base; path = Base.lproj/LaunchScreen.storyboard; sourceTree = "<group>"; };
		5BA25D822A3ED8CE000C3F2B /* Info.plist */ = {isa = PBXFileReference; lastKnownFileType = text.plist.xml; path = Info.plist; sourceTree = "<group>"; };
		5BA25D8C2A3EE6E9000C3F2B /* Extension.appex */ = {isa = PBXFileReference; explicitFileType = "wrapper.app-extension"; includeInIndex = 0; path = Extension.appex; sourceTree = BUILT_PRODUCTS_DIR; };
		5BA25D8E2A3EE6E9000C3F2B /* UniformTypeIdentifiers.framework */ = {isa = PBXFileReference; lastKnownFileType = wrapper.framework; name = UniformTypeIdentifiers.framework; path = System/Library/Frameworks/UniformTypeIdentifiers.framework; sourceTree = SDKROOT; };
		5BA25D912A3EE6EA000C3F2B /* Media.xcassets */ = {isa = PBXFileReference; lastKnownFileType = folder.assetcatalog; path = Media.xcassets; sourceTree = "<group>"; };
		5BA25D932A3EE6EA000C3F2B /* ActionViewController.swift */ = {isa = PBXFileReference; lastKnownFileType = sourcecode.swift; path = ActionViewController.swift; sourceTree = "<group>"; };
		5BA25D962A3EE6EA000C3F2B /* Base */ = {isa = PBXFileReference; lastKnownFileType = file.storyboard; name = Base; path = Base.lproj/MainInterface.storyboard; sourceTree = "<group>"; };
		5BA25D982A3EE6EA000C3F2B /* Info.plist */ = {isa = PBXFileReference; lastKnownFileType = text.plist.xml; path = Info.plist; sourceTree = "<group>"; };
		5BA25DA02A3EEF1C000C3F2B /* Action.js */ = {isa = PBXFileReference; lastKnownFileType = sourcecode.javascript; path = Action.js; sourceTree = "<group>"; };
/* End PBXFileReference section */

/* Begin PBXFrameworksBuildPhase section */
		5BA25D6E2A3ED8CC000C3F2B /* Frameworks */ = {
			isa = PBXFrameworksBuildPhase;
			buildActionMask = 2147483647;
			files = (
			);
			runOnlyForDeploymentPostprocessing = 0;
		};
		5BA25D892A3EE6E9000C3F2B /* Frameworks */ = {
			isa = PBXFrameworksBuildPhase;
			buildActionMask = 2147483647;
			files = (
				5BA25D8F2A3EE6EA000C3F2B /* UniformTypeIdentifiers.framework in Frameworks */,
			);
			runOnlyForDeploymentPostprocessing = 0;
		};
/* End PBXFrameworksBuildPhase section */

/* Begin PBXGroup section */
		5BA25D682A3ED8CC000C3F2B = {
			isa = PBXGroup;
			children = (
				5BA25D732A3ED8CC000C3F2B /* Project19 */,
				5BA25D902A3EE6EA000C3F2B /* Extension */,
				5BA25D8D2A3EE6E9000C3F2B /* Frameworks */,
				5BA25D722A3ED8CC000C3F2B /* Products */,
			);
			sourceTree = "<group>";
		};
		5BA25D722A3ED8CC000C3F2B /* Products */ = {
			isa = PBXGroup;
			children = (
				5BA25D712A3ED8CC000C3F2B /* Project19.app */,
				5BA25D8C2A3EE6E9000C3F2B /* Extension.appex */,
			);
			name = Products;
			sourceTree = "<group>";
		};
		5BA25D732A3ED8CC000C3F2B /* Project19 */ = {
			isa = PBXGroup;
			children = (
				5BA25D742A3ED8CC000C3F2B /* AppDelegate.swift */,
				5BA25D762A3ED8CC000C3F2B /* SceneDelegate.swift */,
				5BA25D782A3ED8CC000C3F2B /* ViewController.swift */,
				5BA25D7A2A3ED8CC000C3F2B /* Main.storyboard */,
				5BA25D7D2A3ED8CE000C3F2B /* Assets.xcassets */,
				5BA25D7F2A3ED8CE000C3F2B /* LaunchScreen.storyboard */,
				5BA25D822A3ED8CE000C3F2B /* Info.plist */,
			);
			path = Project19;
			sourceTree = "<group>";
		};
		5BA25D8D2A3EE6E9000C3F2B /* Frameworks */ = {
			isa = PBXGroup;
			children = (
				5BA25D8E2A3EE6E9000C3F2B /* UniformTypeIdentifiers.framework */,
			);
			name = Frameworks;
			sourceTree = "<group>";
		};
		5BA25D902A3EE6EA000C3F2B /* Extension */ = {
			isa = PBXGroup;
			children = (
				5BA25D912A3EE6EA000C3F2B /* Media.xcassets */,
				5BA25D932A3EE6EA000C3F2B /* ActionViewController.swift */,
				5BA25D952A3EE6EA000C3F2B /* MainInterface.storyboard */,
				5BA25D982A3EE6EA000C3F2B /* Info.plist */,
				5BA25DA02A3EEF1C000C3F2B /* Action.js */,
			);
			path = Extension;
			sourceTree = "<group>";
		};
/* End PBXGroup section */

/* Begin PBXNativeTarget section */
		5BA25D702A3ED8CC000C3F2B /* Project19 */ = {
			isa = PBXNativeTarget;
			buildConfigurationList = 5BA25D852A3ED8CE000C3F2B /* Build configuration list for PBXNativeTarget "Project19" */;
			buildPhases = (
				5BA25D6D2A3ED8CC000C3F2B /* Sources */,
				5BA25D6E2A3ED8CC000C3F2B /* Frameworks */,
				5BA25D6F2A3ED8CC000C3F2B /* Resources */,
				5BA25D9F2A3EE6EA000C3F2B /* Embed Foundation Extensions */,
			);
			buildRules = (
			);
			dependencies = (
				5BA25D9A2A3EE6EA000C3F2B /* PBXTargetDependency */,
			);
			name = Project19;
			productName = Project19;
			productReference = 5BA25D712A3ED8CC000C3F2B /* Project19.app */;
			productType = "com.apple.product-type.application";
		};
		5BA25D8B2A3EE6E9000C3F2B /* Extension */ = {
			isa = PBXNativeTarget;
			buildConfigurationList = 5BA25D9C2A3EE6EA000C3F2B /* Build configuration list for PBXNativeTarget "Extension" */;
			buildPhases = (
				5BA25D882A3EE6E9000C3F2B /* Sources */,
				5BA25D892A3EE6E9000C3F2B /* Frameworks */,
				5BA25D8A2A3EE6E9000C3F2B /* Resources */,
			);
			buildRules = (
			);
			dependencies = (
			);
			name = Extension;
			productName = Extension;
			productReference = 5BA25D8C2A3EE6E9000C3F2B /* Extension.appex */;
			productType = "com.apple.product-type.app-extension";
		};
/* End PBXNativeTarget section */

/* Begin PBXProject section */
		5BA25D692A3ED8CC000C3F2B /* Project object */ = {
			isa = PBXProject;
			attributes = {
				BuildIndependentTargetsInParallel = 1;
				LastSwiftUpdateCheck = 1430;
				LastUpgradeCheck = 1430;
				TargetAttributes = {
					5BA25D702A3ED8CC000C3F2B = {
						CreatedOnToolsVersion = 14.3;
					};
					5BA25D8B2A3EE6E9000C3F2B = {
						CreatedOnToolsVersion = 14.3;
					};
				};
			};
			buildConfigurationList = 5BA25D6C2A3ED8CC000C3F2B /* Build configuration list for PBXProject "Project19" */;
			compatibilityVersion = "Xcode 14.0";
			developmentRegion = en;
			hasScannedForEncodings = 0;
			knownRegions = (
				en,
				Base,
			);
			mainGroup = 5BA25D682A3ED8CC000C3F2B;
			productRefGroup = 5BA25D722A3ED8CC000C3F2B /* Products */;
			projectDirPath = "";
			projectRoot = "";
			targets = (
				5BA25D702A3ED8CC000C3F2B /* Project19 */,
				5BA25D8B2A3EE6E9000C3F2B /* Extension */,
			);
		};
/* End PBXProject section */

/* Begin PBXResourcesBuildPhase section */
		5BA25D6F2A3ED8CC000C3F2B /* Resources */ = {
			isa = PBXResourcesBuildPhase;
			buildActionMask = 2147483647;
			files = (
				5BA25D812A3ED8CE000C3F2B /* LaunchScreen.storyboard in Resources */,
				5BA25D7E2A3ED8CE000C3F2B /* Assets.xcassets in Resources */,
				5BA25D7C2A3ED8CC000C3F2B /* Main.storyboard in Resources */,
			);
			runOnlyForDeploymentPostprocessing = 0;
		};
		5BA25D8A2A3EE6E9000C3F2B /* Resources */ = {
			isa = PBXResourcesBuildPhase;
			buildActionMask = 2147483647;
			files = (
				5BA25DA12A3EEF1C000C3F2B /* Action.js in Resources */,
				5BA25D922A3EE6EA000C3F2B /* Media.xcassets in Resources */,
				5BA25D972A3EE6EA000C3F2B /* MainInterface.storyboard in Resources */,
			);
			runOnlyForDeploymentPostprocessing = 0;
		};
/* End PBXResourcesBuildPhase section */

/* Begin PBXSourcesBuildPhase section */
		5BA25D6D2A3ED8CC000C3F2B /* Sources */ = {
			isa = PBXSourcesBuildPhase;
			buildActionMask = 2147483647;
			files = (
				5BA25D792A3ED8CC000C3F2B /* ViewController.swift in Sources */,
				5BA25D752A3ED8CC000C3F2B /* AppDelegate.swift in Sources */,
				5BA25D772A3ED8CC000C3F2B /* SceneDelegate.swift in Sources */,
			);
			runOnlyForDeploymentPostprocessing = 0;
		};
		5BA25D882A3EE6E9000C3F2B /* Sources */ = {
			isa = PBXSourcesBuildPhase;
			buildActionMask = 2147483647;
			files = (
				5BA25D942A3EE6EA000C3F2B /* ActionViewController.swift in Sources */,
			);
			runOnlyForDeploymentPostprocessing = 0;
		};
/* End PBXSourcesBuildPhase section */

/* Begin PBXTargetDependency section */
		5BA25D9A2A3EE6EA000C3F2B /* PBXTargetDependency */ = {
			isa = PBXTargetDependency;
			target = 5BA25D8B2A3EE6E9000C3F2B /* Extension */;
			targetProxy = 5BA25D992A3EE6EA000C3F2B /* PBXContainerItemProxy */;
		};
/* End PBXTargetDependency section */

/* Begin PBXVariantGroup section */
		5BA25D7A2A3ED8CC000C3F2B /* Main.storyboard */ = {
			isa = PBXVariantGroup;
			children = (
				5BA25D7B2A3ED8CC000C3F2B /* Base */,
			);
			name = Main.storyboard;
			sourceTree = "<group>";
		};
		5BA25D7F2A3ED8CE000C3F2B /* LaunchScreen.storyboard */ = {
			isa = PBXVariantGroup;
			children = (
				5BA25D802A3ED8CE000C3F2B /* Base */,
			);
			name = LaunchScreen.storyboard;
			sourceTree = "<group>";
		};
		5BA25D952A3EE6EA000C3F2B /* MainInterface.storyboard */ = {
			isa = PBXVariantGroup;
			children = (
				5BA25D962A3EE6EA000C3F2B /* Base */,
			);
			name = MainInterface.storyboard;
			sourceTree = "<group>";
		};
/* End PBXVariantGroup section */

/* Begin XCBuildConfiguration section */
		5BA25D832A3ED8CE000C3F2B /* Debug */ = {
			isa = XCBuildConfiguration;
			buildSettings = {
				ALWAYS_SEARCH_USER_PATHS = NO;
				CLANG_ANALYZER_NONNULL = YES;
				CLANG_ANALYZER_NUMBER_OBJECT_CONVERSION = YES_AGGRESSIVE;
				CLANG_CXX_LANGUAGE_STANDARD = "gnu++20";
				CLANG_ENABLE_MODULES = YES;
				CLANG_ENABLE_OBJC_ARC = YES;
				CLANG_ENABLE_OBJC_WEAK = YES;
				CLANG_WARN_BLOCK_CAPTURE_AUTORELEASING = YES;
				CLANG_WARN_BOOL_CONVERSION = YES;
				CLANG_WARN_COMMA = YES;
				CLANG_WARN_CONSTANT_CONVERSION = YES;
				CLANG_WARN_DEPRECATED_OBJC_IMPLEMENTATIONS = YES;
				CLANG_WARN_DIRECT_OBJC_ISA_USAGE = YES_ERROR;
				CLANG_WARN_DOCUMENTATION_COMMENTS = YES;
				CLANG_WARN_EMPTY_BODY = YES;
				CLANG_WARN_ENUM_CONVERSION = YES;
				CLANG_WARN_INFINITE_RECURSION = YES;
				CLANG_WARN_INT_CONVERSION = YES;
				CLANG_WARN_NON_LITERAL_NULL_CONVERSION = YES;
				CLANG_WARN_OBJC_IMPLICIT_RETAIN_SELF = YES;
				CLANG_WARN_OBJC_LITERAL_CONVERSION = YES;
				CLANG_WARN_OBJC_ROOT_CLASS = YES_ERROR;
				CLANG_WARN_QUOTED_INCLUDE_IN_FRAMEWORK_HEADER = YES;
				CLANG_WARN_RANGE_LOOP_ANALYSIS = YES;
				CLANG_WARN_STRICT_PROTOTYPES = YES;
				CLANG_WARN_SUSPICIOUS_MOVE = YES;
				CLANG_WARN_UNGUARDED_AVAILABILITY = YES_AGGRESSIVE;
				CLANG_WARN_UNREACHABLE_CODE = YES;
				CLANG_WARN__DUPLICATE_METHOD_MATCH = YES;
				COPY_PHASE_STRIP = NO;
				DEBUG_INFORMATION_FORMAT = dwarf;
				ENABLE_STRICT_OBJC_MSGSEND = YES;
				ENABLE_TESTABILITY = YES;
				GCC_C_LANGUAGE_STANDARD = gnu11;
				GCC_DYNAMIC_NO_PIC = NO;
				GCC_NO_COMMON_BLOCKS = YES;
				GCC_OPTIMIZATION_LEVEL = 0;
				GCC_PREPROCESSOR_DEFINITIONS = (
					"DEBUG=1",
					"$(inherited)",
				);
				GCC_WARN_64_TO_32_BIT_CONVERSION = YES;
				GCC_WARN_ABOUT_RETURN_TYPE = YES_ERROR;
				GCC_WARN_UNDECLARED_SELECTOR = YES;
				GCC_WARN_UNINITIALIZED_AUTOS = YES_AGGRESSIVE;
				GCC_WARN_UNUSED_FUNCTION = YES;
				GCC_WARN_UNUSED_VARIABLE = YES;
				IPHONEOS_DEPLOYMENT_TARGET = 16.4;
				MTL_ENABLE_DEBUG_INFO = INCLUDE_SOURCE;
				MTL_FAST_MATH = YES;
				ONLY_ACTIVE_ARCH = YES;
				SDKROOT = iphoneos;
				SWIFT_ACTIVE_COMPILATION_CONDITIONS = DEBUG;
				SWIFT_OPTIMIZATION_LEVEL = "-Onone";
			};
			name = Debug;
		};
		5BA25D842A3ED8CE000C3F2B /* Release */ = {
			isa = XCBuildConfiguration;
			buildSettings = {
				ALWAYS_SEARCH_USER_PATHS = NO;
				CLANG_ANALYZER_NONNULL = YES;
				CLANG_ANALYZER_NUMBER_OBJECT_CONVERSION = YES_AGGRESSIVE;
				CLANG_CXX_LANGUAGE_STANDARD = "gnu++20";
				CLANG_ENABLE_MODULES = YES;
				CLANG_ENABLE_OBJC_ARC = YES;
				CLANG_ENABLE_OBJC_WEAK = YES;
				CLANG_WARN_BLOCK_CAPTURE_AUTORELEASING = YES;
				CLANG_WARN_BOOL_CONVERSION = YES;
				CLANG_WARN_COMMA = YES;
				CLANG_WARN_CONSTANT_CONVERSION = YES;
				CLANG_WARN_DEPRECATED_OBJC_IMPLEMENTATIONS = YES;
				CLANG_WARN_DIRECT_OBJC_ISA_USAGE = YES_ERROR;
				CLANG_WARN_DOCUMENTATION_COMMENTS = YES;
				CLANG_WARN_EMPTY_BODY = YES;
				CLANG_WARN_ENUM_CONVERSION = YES;
				CLANG_WARN_INFINITE_RECURSION = YES;
				CLANG_WARN_INT_CONVERSION = YES;
				CLANG_WARN_NON_LITERAL_NULL_CONVERSION = YES;
				CLANG_WARN_OBJC_IMPLICIT_RETAIN_SELF = YES;
				CLANG_WARN_OBJC_LITERAL_CONVERSION = YES;
				CLANG_WARN_OBJC_ROOT_CLASS = YES_ERROR;
				CLANG_WARN_QUOTED_INCLUDE_IN_FRAMEWORK_HEADER = YES;
				CLANG_WARN_RANGE_LOOP_ANALYSIS = YES;
				CLANG_WARN_STRICT_PROTOTYPES = YES;
				CLANG_WARN_SUSPICIOUS_MOVE = YES;
				CLANG_WARN_UNGUARDED_AVAILABILITY = YES_AGGRESSIVE;
				CLANG_WARN_UNREACHABLE_CODE = YES;
				CLANG_WARN__DUPLICATE_METHOD_MATCH = YES;
				COPY_PHASE_STRIP = NO;
				DEBUG_INFORMATION_FORMAT = "dwarf-with-dsym";
				ENABLE_NS_ASSERTIONS = NO;
				ENABLE_STRICT_OBJC_MSGSEND = YES;
				GCC_C_LANGUAGE_STANDARD = gnu11;
				GCC_NO_COMMON_BLOCKS = YES;
				GCC_WARN_64_TO_32_BIT_CONVERSION = YES;
				GCC_WARN_ABOUT_RETURN_TYPE = YES_ERROR;
				GCC_WARN_UNDECLARED_SELECTOR = YES;
				GCC_WARN_UNINITIALIZED_AUTOS = YES_AGGRESSIVE;
				GCC_WARN_UNUSED_FUNCTION = YES;
				GCC_WARN_UNUSED_VARIABLE = YES;
				IPHONEOS_DEPLOYMENT_TARGET = 16.4;
				MTL_ENABLE_DEBUG_INFO = NO;
				MTL_FAST_MATH = YES;
				SDKROOT = iphoneos;
				SWIFT_COMPILATION_MODE = wholemodule;
				SWIFT_OPTIMIZATION_LEVEL = "-O";
				VALIDATE_PRODUCT = YES;
			};
			name = Release;
		};
		5BA25D862A3ED8CE000C3F2B /* Debug */ = {
			isa = XCBuildConfiguration;
			buildSettings = {
				ALWAYS_EMBED_SWIFT_STANDARD_LIBRARIES = YES;
				ASSETCATALOG_COMPILER_APPICON_NAME = AppIcon;
				ASSETCATALOG_COMPILER_GLOBAL_ACCENT_COLOR_NAME = AccentColor;
				CODE_SIGN_STYLE = Automatic;
				CURRENT_PROJECT_VERSION = 1;
				DEVELOPMENT_TEAM = TSTX33252G;
				GENERATE_INFOPLIST_FILE = YES;
				INFOPLIST_FILE = Project19/Info.plist;
				INFOPLIST_KEY_UIApplicationSupportsIndirectInputEvents = YES;
				INFOPLIST_KEY_UILaunchStoryboardName = LaunchScreen;
				INFOPLIST_KEY_UIMainStoryboardFile = Main;
				INFOPLIST_KEY_UISupportedInterfaceOrientations_iPad = "UIInterfaceOrientationPortrait UIInterfaceOrientationPortraitUpsideDown UIInterfaceOrientationLandscapeLeft UIInterfaceOrientationLandscapeRight";
				INFOPLIST_KEY_UISupportedInterfaceOrientations_iPhone = "UIInterfaceOrientationPortrait UIInterfaceOrientationLandscapeLeft UIInterfaceOrientationLandscapeRight";
				LD_RUNPATH_SEARCH_PATHS = (
					"$(inherited)",
					"@executable_path/Frameworks",
				);
				MARKETING_VERSION = 1.0;
				PRODUCT_BUNDLE_IDENTIFIER = snta.me.Project19;
				PRODUCT_NAME = "$(TARGET_NAME)";
				SWIFT_EMIT_LOC_STRINGS = YES;
				SWIFT_VERSION = 5.0;
				TARGETED_DEVICE_FAMILY = "1,2";
			};
			name = Debug;
		};
		5BA25D872A3ED8CE000C3F2B /* Release */ = {
			isa = XCBuildConfiguration;
			buildSettings = {
				ALWAYS_EMBED_SWIFT_STANDARD_LIBRARIES = YES;
				ASSETCATALOG_COMPILER_APPICON_NAME = AppIcon;
				ASSETCATALOG_COMPILER_GLOBAL_ACCENT_COLOR_NAME = AccentColor;
				CODE_SIGN_STYLE = Automatic;
				CURRENT_PROJECT_VERSION = 1;
				DEVELOPMENT_TEAM = TSTX33252G;
				GENERATE_INFOPLIST_FILE = YES;
				INFOPLIST_FILE = Project19/Info.plist;
				INFOPLIST_KEY_UIApplicationSupportsIndirectInputEvents = YES;
				INFOPLIST_KEY_UILaunchStoryboardName = LaunchScreen;
				INFOPLIST_KEY_UIMainStoryboardFile = Main;
				INFOPLIST_KEY_UISupportedInterfaceOrientations_iPad = "UIInterfaceOrientationPortrait UIInterfaceOrientationPortraitUpsideDown UIInterfaceOrientationLandscapeLeft UIInterfaceOrientationLandscapeRight";
				INFOPLIST_KEY_UISupportedInterfaceOrientations_iPhone = "UIInterfaceOrientationPortrait UIInterfaceOrientationLandscapeLeft UIInterfaceOrientationLandscapeRight";
				LD_RUNPATH_SEARCH_PATHS = (
					"$(inherited)",
					"@executable_path/Frameworks",
				);
				MARKETING_VERSION = 1.0;
				PRODUCT_BUNDLE_IDENTIFIER = snta.me.Project19;
				PRODUCT_NAME = "$(TARGET_NAME)";
				SWIFT_EMIT_LOC_STRINGS = YES;
				SWIFT_VERSION = 5.0;
				TARGETED_DEVICE_FAMILY = "1,2";
			};
			name = Release;
		};
		5BA25D9D2A3EE6EA000C3F2B /* Debug */ = {
			isa = XCBuildConfiguration;
			buildSettings = {
				CODE_SIGN_STYLE = Automatic;
				CURRENT_PROJECT_VERSION = 1;
				DEVELOPMENT_TEAM = TSTX33252G;
				GENERATE_INFOPLIST_FILE = YES;
				INFOPLIST_FILE = Extension/Info.plist;
				INFOPLIST_KEY_CFBundleDisplayName = Extension;
				INFOPLIST_KEY_NSHumanReadableCopyright = "";
				LD_RUNPATH_SEARCH_PATHS = (
					"$(inherited)",
					"@executable_path/Frameworks",
					"@executable_path/../../Frameworks",
				);
				MARKETING_VERSION = 1.0;
				PRODUCT_BUNDLE_IDENTIFIER = snta.me.Project19.Extension;
				PRODUCT_NAME = "$(TARGET_NAME)";
				SKIP_INSTALL = YES;
				SWIFT_EMIT_LOC_STRINGS = YES;
				SWIFT_VERSION = 5.0;
				TARGETED_DEVICE_FAMILY = "1,2";
			};
			name = Debug;
		};
		5BA25D9E2A3EE6EA000C3F2B /* Release */ = {
			isa = XCBuildConfiguration;
			buildSettings = {
				CODE_SIGN_STYLE = Automatic;
				CURRENT_PROJECT_VERSION = 1;
				DEVELOPMENT_TEAM = TSTX33252G;
				GENERATE_INFOPLIST_FILE = YES;
				INFOPLIST_FILE = Extension/Info.plist;
				INFOPLIST_KEY_CFBundleDisplayName = Extension;
				INFOPLIST_KEY_NSHumanReadableCopyright = "";
				LD_RUNPATH_SEARCH_PATHS = (
					"$(inherited)",
					"@executable_path/Frameworks",
					"@executable_path/../../Frameworks",
				);
				MARKETING_VERSION = 1.0;
				PRODUCT_BUNDLE_IDENTIFIER = snta.me.Project19.Extension;
				PRODUCT_NAME = "$(TARGET_NAME)";
				SKIP_INSTALL = YES;
				SWIFT_EMIT_LOC_STRINGS = YES;
				SWIFT_VERSION = 5.0;
				TARGETED_DEVICE_FAMILY = "1,2";
			};
			name = Release;
		};
/* End XCBuildConfiguration section */

/* Begin XCConfigurationList section */
		5BA25D6C2A3ED8CC000C3F2B /* Build configuration list for PBXProject "Project19" */ = {
			isa = XCConfigurationList;
			buildConfigurations = (
				5BA25D832A3ED8CE000C3F2B /* Debug */,
				5BA25D842A3ED8CE000C3F2B /* Release */,
			);
			defaultConfigurationIsVisible = 0;
			defaultConfigurationName = Release;
		};
		5BA25D852A3ED8CE000C3F2B /* Build configuration list for PBXNativeTarget "Project19" */ = {
			isa = XCConfigurationList;
			buildConfigurations = (
				5BA25D862A3ED8CE000C3F2B /* Debug */,
				5BA25D872A3ED8CE000C3F2B /* Release */,
			);
			defaultConfigurationIsVisible = 0;
			defaultConfigurationName = Release;
		};
		5BA25D9C2A3EE6EA000C3F2B /* Build configuration list for PBXNativeTarget "Extension" */ = {
			isa = XCConfigurationList;
			buildConfigurations = (
				5BA25D9D2A3EE6EA000C3F2B /* Debug */,
				5BA25D9E2A3EE6EA000C3F2B /* Release */,
			);
			defaultConfigurationIsVisible = 0;
			defaultConfigurationName = Release;
		};
/* End XCConfigurationList section */
	};
	rootObject = 5BA25D692A3ED8CC000C3F2B /* Project object */;
}
