// !$*UTF8*$!
{
	archiveVersion = 1;
	classes = {
	};
	objectVersion = 56;
	objects = {

/* Begin PBXBuildFile section */
		FF3AF8642A53D6B3003E5C48 /* AppDelegate.swift in Sources */ = {isa = PBXBuildFile; fileRef = FF3AF8632A53D6B3003E5C48 /* AppDelegate.swift */; };
		FF3AF8662A53D6B3003E5C48 /* GameScene.sks in Resources */ = {isa = PBXBuildFile; fileRef = FF3AF8652A53D6B3003E5C48 /* GameScene.sks */; };
		FF3AF86A2A53D6B3003E5C48 /* GameScene.swift in Sources */ = {isa = PBXBuildFile; fileRef = FF3AF8692A53D6B3003E5C48 /* GameScene.swift */; };
		FF3AF86C2A53D6B3003E5C48 /* GameViewController.swift in Sources */ = {isa = PBXBuildFile; fileRef = FF3AF86B2A53D6B3003E5C48 /* GameViewController.swift */; };
		FF3AF86F2A53D6B3003E5C48 /* Main.storyboard in Resources */ = {isa = PBXBuildFile; fileRef = FF3AF86D2A53D6B3003E5C48 /* Main.storyboard */; };
		FF3AF8712A53D6B3003E5C48 /* Assets.xcassets in Resources */ = {isa = PBXBuildFile; fileRef = FF3AF8702A53D6B3003E5C48 /* Assets.xcassets */; };
		FF3AF8742A53D6B3003E5C48 /* LaunchScreen.storyboard in Resources */ = {isa = PBXBuildFile; fileRef = FF3AF8722A53D6B3003E5C48 /* LaunchScreen.storyboard */; };
		FF558E3D2A53DA7F0029D631 /* sliceHitEnemy.sks in Resources */ = {isa = PBXBuildFile; fileRef = FF558E322A53DA7F0029D631 /* sliceHitEnemy.sks */; };
		FF558E3E2A53DA7F0029D631 /* sliceBombFuse.caf in Resources */ = {isa = PBXBuildFile; fileRef = FF558E332A53DA7F0029D631 /* sliceBombFuse.caf */; };
		FF558E3F2A53DA7F0029D631 /* swoosh1.caf in Resources */ = {isa = PBXBuildFile; fileRef = FF558E342A53DA7F0029D631 /* swoosh1.caf */; };
		FF558E402A53DA7F0029D631 /* swoosh2.caf in Resources */ = {isa = PBXBuildFile; fileRef = FF558E352A53DA7F0029D631 /* swoosh2.caf */; };
		FF558E412A53DA7F0029D631 /* sliceFuse.sks in Resources */ = {isa = PBXBuildFile; fileRef = FF558E362A53DA7F0029D631 /* sliceFuse.sks */; };
		FF558E422A53DA7F0029D631 /* swoosh3.caf in Resources */ = {isa = PBXBuildFile; fileRef = FF558E372A53DA7F0029D631 /* swoosh3.caf */; };
		FF558E432A53DA7F0029D631 /* launch.caf in Resources */ = {isa = PBXBuildFile; fileRef = FF558E382A53DA7F0029D631 /* launch.caf */; };
		FF558E442A53DA7F0029D631 /* whack.caf in Resources */ = {isa = PBXBuildFile; fileRef = FF558E392A53DA7F0029D631 /* whack.caf */; };
		FF558E452A53DA800029D631 /* wrong.caf in Resources */ = {isa = PBXBuildFile; fileRef = FF558E3A2A53DA7F0029D631 /* wrong.caf */; };
		FF558E462A53DA800029D631 /* sliceHitBomb.sks in Resources */ = {isa = PBXBuildFile; fileRef = FF558E3B2A53DA7F0029D631 /* sliceHitBomb.sks */; };
		FF558E472A53DA800029D631 /* explosion.caf in Resources */ = {isa = PBXBuildFile; fileRef = FF558E3C2A53DA7F0029D631 /* explosion.caf */; };
/* End PBXBuildFile section */

/* Begin PBXFileReference section */
		FF3AF8602A53D6B3003E5C48 /* Project23.app */ = {isa = PBXFileReference; explicitFileType = wrapper.application; includeInIndex = 0; path = Project23.app; sourceTree = BUILT_PRODUCTS_DIR; };
		FF3AF8632A53D6B3003E5C48 /* AppDelegate.swift */ = {isa = PBXFileReference; lastKnownFileType = sourcecode.swift; path = AppDelegate.swift; sourceTree = "<group>"; };
		FF3AF8652A53D6B3003E5C48 /* GameScene.sks */ = {isa = PBXFileReference; lastKnownFileType = file.sks; path = GameScene.sks; sourceTree = "<group>"; };
		FF3AF8692A53D6B3003E5C48 /* GameScene.swift */ = {isa = PBXFileReference; lastKnownFileType = sourcecode.swift; path = GameScene.swift; sourceTree = "<group>"; };
		FF3AF86B2A53D6B3003E5C48 /* GameViewController.swift */ = {isa = PBXFileReference; lastKnownFileType = sourcecode.swift; path = GameViewController.swift; sourceTree = "<group>"; };
		FF3AF86E2A53D6B3003E5C48 /* Base */ = {isa = PBXFileReference; lastKnownFileType = file.storyboard; name = Base; path = Base.lproj/Main.storyboard; sourceTree = "<group>"; };
		FF3AF8702A53D6B3003E5C48 /* Assets.xcassets */ = {isa = PBXFileReference; lastKnownFileType = folder.assetcatalog; path = Assets.xcassets; sourceTree = "<group>"; };
		FF3AF8732A53D6B3003E5C48 /* Base */ = {isa = PBXFileReference; lastKnownFileType = file.storyboard; name = Base; path = Base.lproj/LaunchScreen.storyboard; sourceTree = "<group>"; };
		FF558E322A53DA7F0029D631 /* sliceHitEnemy.sks */ = {isa = PBXFileReference; lastKnownFileType = file.sks; path = sliceHitEnemy.sks; sourceTree = "<group>"; };
		FF558E332A53DA7F0029D631 /* sliceBombFuse.caf */ = {isa = PBXFileReference; lastKnownFileType = file; path = sliceBombFuse.caf; sourceTree = "<group>"; };
		FF558E342A53DA7F0029D631 /* swoosh1.caf */ = {isa = PBXFileReference; lastKnownFileType = file; path = swoosh1.caf; sourceTree = "<group>"; };
		FF558E352A53DA7F0029D631 /* swoosh2.caf */ = {isa = PBXFileReference; lastKnownFileType = file; path = swoosh2.caf; sourceTree = "<group>"; };
		FF558E362A53DA7F0029D631 /* sliceFuse.sks */ = {isa = PBXFileReference; lastKnownFileType = file.sks; path = sliceFuse.sks; sourceTree = "<group>"; };
		FF558E372A53DA7F0029D631 /* swoosh3.caf */ = {isa = PBXFileReference; lastKnownFileType = file; path = swoosh3.caf; sourceTree = "<group>"; };
		FF558E382A53DA7F0029D631 /* launch.caf */ = {isa = PBXFileReference; lastKnownFileType = file; path = launch.caf; sourceTree = "<group>"; };
		FF558E392A53DA7F0029D631 /* whack.caf */ = {isa = PBXFileReference; lastKnownFileType = file; path = whack.caf; sourceTree = "<group>"; };
		FF558E3A2A53DA7F0029D631 /* wrong.caf */ = {isa = PBXFileReference; lastKnownFileType = file; path = wrong.caf; sourceTree = "<group>"; };
		FF558E3B2A53DA7F0029D631 /* sliceHitBomb.sks */ = {isa = PBXFileReference; lastKnownFileType = file.sks; path = sliceHitBomb.sks; sourceTree = "<group>"; };
		FF558E3C2A53DA7F0029D631 /* explosion.caf */ = {isa = PBXFileReference; lastKnownFileType = file; path = explosion.caf; sourceTree = "<group>"; };
/* End PBXFileReference section */

/* Begin PBXFrameworksBuildPhase section */
		FF3AF85D2A53D6B3003E5C48 /* Frameworks */ = {
			isa = PBXFrameworksBuildPhase;
			buildActionMask = 2147483647;
			files = (
			);
			runOnlyForDeploymentPostprocessing = 0;
		};
/* End PBXFrameworksBuildPhase section */

/* Begin PBXGroup section */
		FF3AF8572A53D6B3003E5C48 = {
			isa = PBXGroup;
			children = (
				FF3AF8622A53D6B3003E5C48 /* Project23 */,
				FF3AF8612A53D6B3003E5C48 /* Products */,
			);
			sourceTree = "<group>";
		};
		FF3AF8612A53D6B3003E5C48 /* Products */ = {
			isa = PBXGroup;
			children = (
				FF3AF8602A53D6B3003E5C48 /* Project23.app */,
			);
			name = Products;
			sourceTree = "<group>";
		};
		FF3AF8622A53D6B3003E5C48 /* Project23 */ = {
			isa = PBXGroup;
			children = (
				FF3AF8632A53D6B3003E5C48 /* AppDelegate.swift */,
				FF3AF8652A53D6B3003E5C48 /* GameScene.sks */,
				FF3AF8692A53D6B3003E5C48 /* GameScene.swift */,
				FF3AF86B2A53D6B3003E5C48 /* GameViewController.swift */,
				FF3AF86D2A53D6B3003E5C48 /* Main.storyboard */,
				FF3AF8702A53D6B3003E5C48 /* Assets.xcassets */,
				FF3AF8722A53D6B3003E5C48 /* LaunchScreen.storyboard */,
				FF558E3C2A53DA7F0029D631 /* explosion.caf */,
				FF558E382A53DA7F0029D631 /* launch.caf */,
				FF558E332A53DA7F0029D631 /* sliceBombFuse.caf */,
				FF558E362A53DA7F0029D631 /* sliceFuse.sks */,
				FF558E3B2A53DA7F0029D631 /* sliceHitBomb.sks */,
				FF558E322A53DA7F0029D631 /* sliceHitEnemy.sks */,
				FF558E342A53DA7F0029D631 /* swoosh1.caf */,
				FF558E352A53DA7F0029D631 /* swoosh2.caf */,
				FF558E372A53DA7F0029D631 /* swoosh3.caf */,
				FF558E392A53DA7F0029D631 /* whack.caf */,
				FF558E3A2A53DA7F0029D631 /* wrong.caf */,
			);
			path = Project23;
			sourceTree = "<group>";
		};
/* End PBXGroup section */

/* Begin PBXNativeTarget section */
		FF3AF85F2A53D6B3003E5C48 /* Project23 */ = {
			isa = PBXNativeTarget;
			buildConfigurationList = FF3AF8772A53D6B3003E5C48 /* Build configuration list for PBXNativeTarget "Project23" */;
			buildPhases = (
				FF3AF85C2A53D6B3003E5C48 /* Sources */,
				FF3AF85D2A53D6B3003E5C48 /* Frameworks */,
				FF3AF85E2A53D6B3003E5C48 /* Resources */,
			);
			buildRules = (
			);
			dependencies = (
			);
			name = Project23;
			productName = Project23;
			productReference = FF3AF8602A53D6B3003E5C48 /* Project23.app */;
			productType = "com.apple.product-type.application";
		};
/* End PBXNativeTarget section */

/* Begin PBXProject section */
		FF3AF8582A53D6B3003E5C48 /* Project object */ = {
			isa = PBXProject;
			attributes = {
				BuildIndependentTargetsInParallel = 1;
				LastSwiftUpdateCheck = 1430;
				LastUpgradeCheck = 1430;
				TargetAttributes = {
					FF3AF85F2A53D6B3003E5C48 = {
						CreatedOnToolsVersion = 14.3.1;
					};
				};
			};
			buildConfigurationList = FF3AF85B2A53D6B3003E5C48 /* Build configuration list for PBXProject "Project23" */;
			compatibilityVersion = "Xcode 14.0";
			developmentRegion = en;
			hasScannedForEncodings = 0;
			knownRegions = (
				en,
				Base,
			);
			mainGroup = FF3AF8572A53D6B3003E5C48;
			productRefGroup = FF3AF8612A53D6B3003E5C48 /* Products */;
			projectDirPath = "";
			projectRoot = "";
			targets = (
				FF3AF85F2A53D6B3003E5C48 /* Project23 */,
			);
		};
/* End PBXProject section */

/* Begin PBXResourcesBuildPhase section */
		FF3AF85E2A53D6B3003E5C48 /* Resources */ = {
			isa = PBXResourcesBuildPhase;
			buildActionMask = 2147483647;
			files = (
				FF558E402A53DA7F0029D631 /* swoosh2.caf in Resources */,
				FF558E432A53DA7F0029D631 /* launch.caf in Resources */,
				FF558E3F2A53DA7F0029D631 /* swoosh1.caf in Resources */,
				FF558E3E2A53DA7F0029D631 /* sliceBombFuse.caf in Resources */,
				FF558E462A53DA800029D631 /* sliceHitBomb.sks in Resources */,
				FF3AF86F2A53D6B3003E5C48 /* Main.storyboard in Resources */,
				FF3AF8662A53D6B3003E5C48 /* GameScene.sks in Resources */,
				FF558E3D2A53DA7F0029D631 /* sliceHitEnemy.sks in Resources */,
				FF3AF8712A53D6B3003E5C48 /* Assets.xcassets in Resources */,
				FF3AF8742A53D6B3003E5C48 /* LaunchScreen.storyboard in Resources */,
				FF558E412A53DA7F0029D631 /* sliceFuse.sks in Resources */,
				FF558E422A53DA7F0029D631 /* swoosh3.caf in Resources */,
				FF558E472A53DA800029D631 /* explosion.caf in Resources */,
				FF558E442A53DA7F0029D631 /* whack.caf in Resources */,
				FF558E452A53DA800029D631 /* wrong.caf in Resources */,
			);
			runOnlyForDeploymentPostprocessing = 0;
		};
/* End PBXResourcesBuildPhase section */

/* Begin PBXSourcesBuildPhase section */
		FF3AF85C2A53D6B3003E5C48 /* Sources */ = {
			isa = PBXSourcesBuildPhase;
			buildActionMask = 2147483647;
			files = (
				FF3AF86A2A53D6B3003E5C48 /* GameScene.swift in Sources */,
				FF3AF86C2A53D6B3003E5C48 /* GameViewController.swift in Sources */,
				FF3AF8642A53D6B3003E5C48 /* AppDelegate.swift in Sources */,
			);
			runOnlyForDeploymentPostprocessing = 0;
		};
/* End PBXSourcesBuildPhase section */

/* Begin PBXVariantGroup section */
		FF3AF86D2A53D6B3003E5C48 /* Main.storyboard */ = {
			isa = PBXVariantGroup;
			children = (
				FF3AF86E2A53D6B3003E5C48 /* Base */,
			);
			name = Main.storyboard;
			sourceTree = "<group>";
		};
		FF3AF8722A53D6B3003E5C48 /* LaunchScreen.storyboard */ = {
			isa = PBXVariantGroup;
			children = (
				FF3AF8732A53D6B3003E5C48 /* Base */,
			);
			name = LaunchScreen.storyboard;
			sourceTree = "<group>";
		};
/* End PBXVariantGroup section */

/* Begin XCBuildConfiguration section */
		FF3AF8752A53D6B3003E5C48 /* Debug */ = {
			isa = XCBuildConfiguration;
			buildSettings = {
				ALWAYS_SEARCH_USER_PATHS = NO;
				CLANG_ANALYZER_NONNULL = YES;
				CLANG_ANALYZER_NUMBER_OBJECT_CONVERSION = YES_AGGRESSIVE;
				CLANG_CXX_LANGUAGE_STANDARD = "gnu++20";
				CLANG_ENABLE_MODULES = YES;
				CLANG_ENABLE_OBJC_ARC = YES;
				CLANG_ENABLE_OBJC_WEAK = YES;
				CLANG_WARN_BLOCK_CAPTURE_AUTORELEASING = YES;
				CLANG_WARN_BOOL_CONVERSION = YES;
				CLANG_WARN_COMMA = YES;
				CLANG_WARN_CONSTANT_CONVERSION = YES;
				CLANG_WARN_DEPRECATED_OBJC_IMPLEMENTATIONS = YES;
				CLANG_WARN_DIRECT_OBJC_ISA_USAGE = YES_ERROR;
				CLANG_WARN_DOCUMENTATION_COMMENTS = YES;
				CLANG_WARN_EMPTY_BODY = YES;
				CLANG_WARN_ENUM_CONVERSION = YES;
				CLANG_WARN_INFINITE_RECURSION = YES;
				CLANG_WARN_INT_CONVERSION = YES;
				CLANG_WARN_NON_LITERAL_NULL_CONVERSION = YES;
				CLANG_WARN_OBJC_IMPLICIT_RETAIN_SELF = YES;
				CLANG_WARN_OBJC_LITERAL_CONVERSION = YES;
				CLANG_WARN_OBJC_ROOT_CLASS = YES_ERROR;
				CLANG_WARN_QUOTED_INCLUDE_IN_FRAMEWORK_HEADER = YES;
				CLANG_WARN_RANGE_LOOP_ANALYSIS = YES;
				CLANG_WARN_STRICT_PROTOTYPES = YES;
				CLANG_WARN_SUSPICIOUS_MOVE = YES;
				CLANG_WARN_UNGUARDED_AVAILABILITY = YES_AGGRESSIVE;
				CLANG_WARN_UNREACHABLE_CODE = YES;
				CLANG_WARN__DUPLICATE_METHOD_MATCH = YES;
				COPY_PHASE_STRIP = NO;
				DEBUG_INFORMATION_FORMAT = dwarf;
				ENABLE_STRICT_OBJC_MSGSEND = YES;
				ENABLE_TESTABILITY = YES;
				GCC_C_LANGUAGE_STANDARD = gnu11;
				GCC_DYNAMIC_NO_PIC = NO;
				GCC_NO_COMMON_BLOCKS = YES;
				GCC_OPTIMIZATION_LEVEL = 0;
				GCC_PREPROCESSOR_DEFINITIONS = (
					"DEBUG=1",
					"$(inherited)",
				);
				GCC_WARN_64_TO_32_BIT_CONVERSION = YES;
				GCC_WARN_ABOUT_RETURN_TYPE = YES_ERROR;
				GCC_WARN_UNDECLARED_SELECTOR = YES;
				GCC_WARN_UNINITIALIZED_AUTOS = YES_AGGRESSIVE;
				GCC_WARN_UNUSED_FUNCTION = YES;
				GCC_WARN_UNUSED_VARIABLE = YES;
				IPHONEOS_DEPLOYMENT_TARGET = 16.4;
				MTL_ENABLE_DEBUG_INFO = INCLUDE_SOURCE;
				MTL_FAST_MATH = YES;
				ONLY_ACTIVE_ARCH = YES;
				SDKROOT = iphoneos;
				SWIFT_ACTIVE_COMPILATION_CONDITIONS = DEBUG;
				SWIFT_OPTIMIZATION_LEVEL = "-Onone";
			};
			name = Debug;
		};
		FF3AF8762A53D6B3003E5C48 /* Release */ = {
			isa = XCBuildConfiguration;
			buildSettings = {
				ALWAYS_SEARCH_USER_PATHS = NO;
				CLANG_ANALYZER_NONNULL = YES;
				CLANG_ANALYZER_NUMBER_OBJECT_CONVERSION = YES_AGGRESSIVE;
				CLANG_CXX_LANGUAGE_STANDARD = "gnu++20";
				CLANG_ENABLE_MODULES = YES;
				CLANG_ENABLE_OBJC_ARC = YES;
				CLANG_ENABLE_OBJC_WEAK = YES;
				CLANG_WARN_BLOCK_CAPTURE_AUTORELEASING = YES;
				CLANG_WARN_BOOL_CONVERSION = YES;
				CLANG_WARN_COMMA = YES;
				CLANG_WARN_CONSTANT_CONVERSION = YES;
				CLANG_WARN_DEPRECATED_OBJC_IMPLEMENTATIONS = YES;
				CLANG_WARN_DIRECT_OBJC_ISA_USAGE = YES_ERROR;
				CLANG_WARN_DOCUMENTATION_COMMENTS = YES;
				CLANG_WARN_EMPTY_BODY = YES;
				CLANG_WARN_ENUM_CONVERSION = YES;
				CLANG_WARN_INFINITE_RECURSION = YES;
				CLANG_WARN_INT_CONVERSION = YES;
				CLANG_WARN_NON_LITERAL_NULL_CONVERSION = YES;
				CLANG_WARN_OBJC_IMPLICIT_RETAIN_SELF = YES;
				CLANG_WARN_OBJC_LITERAL_CONVERSION = YES;
				CLANG_WARN_OBJC_ROOT_CLASS = YES_ERROR;
				CLANG_WARN_QUOTED_INCLUDE_IN_FRAMEWORK_HEADER = YES;
				CLANG_WARN_RANGE_LOOP_ANALYSIS = YES;
				CLANG_WARN_STRICT_PROTOTYPES = YES;
				CLANG_WARN_SUSPICIOUS_MOVE = YES;
				CLANG_WARN_UNGUARDED_AVAILABILITY = YES_AGGRESSIVE;
				CLANG_WARN_UNREACHABLE_CODE = YES;
				CLANG_WARN__DUPLICATE_METHOD_MATCH = YES;
				COPY_PHASE_STRIP = NO;
				DEBUG_INFORMATION_FORMAT = "dwarf-with-dsym";
				ENABLE_NS_ASSERTIONS = NO;
				ENABLE_STRICT_OBJC_MSGSEND = YES;
				GCC_C_LANGUAGE_STANDARD = gnu11;
				GCC_NO_COMMON_BLOCKS = YES;
				GCC_WARN_64_TO_32_BIT_CONVERSION = YES;
				GCC_WARN_ABOUT_RETURN_TYPE = YES_ERROR;
				GCC_WARN_UNDECLARED_SELECTOR = YES;
				GCC_WARN_UNINITIALIZED_AUTOS = YES_AGGRESSIVE;
				GCC_WARN_UNUSED_FUNCTION = YES;
				GCC_WARN_UNUSED_VARIABLE = YES;
				IPHONEOS_DEPLOYMENT_TARGET = 16.4;
				MTL_ENABLE_DEBUG_INFO = NO;
				MTL_FAST_MATH = YES;
				SDKROOT = iphoneos;
				SWIFT_COMPILATION_MODE = wholemodule;
				SWIFT_OPTIMIZATION_LEVEL = "-O";
				VALIDATE_PRODUCT = YES;
			};
			name = Release;
		};
		FF3AF8782A53D6B3003E5C48 /* Debug */ = {
			isa = XCBuildConfiguration;
			buildSettings = {
				ASSETCATALOG_COMPILER_APPICON_NAME = AppIcon;
				ASSETCATALOG_COMPILER_GLOBAL_ACCENT_COLOR_NAME = AccentColor;
				CODE_SIGN_STYLE = Automatic;
				CURRENT_PROJECT_VERSION = 1;
				DEVELOPMENT_TEAM = HFX859F777;
				GENERATE_INFOPLIST_FILE = YES;
				INFOPLIST_KEY_UIApplicationSupportsIndirectInputEvents = YES;
				INFOPLIST_KEY_UILaunchStoryboardName = LaunchScreen;
				INFOPLIST_KEY_UIMainStoryboardFile = Main;
				INFOPLIST_KEY_UIStatusBarHidden = YES;
				INFOPLIST_KEY_UISupportedInterfaceOrientations = "UIInterfaceOrientationLandscapeLeft UIInterfaceOrientationLandscapeRight UIInterfaceOrientationPortrait";
				INFOPLIST_KEY_UISupportedInterfaceOrientations_iPad = "UIInterfaceOrientationLandscapeLeft UIInterfaceOrientationLandscapeRight";
				LD_RUNPATH_SEARCH_PATHS = (
					"$(inherited)",
					"@executable_path/Frameworks",
				);
				MARKETING_VERSION = 1.0;
				PRODUCT_BUNDLE_IDENTIFIER = me.shanta.sajid.Project23;
				PRODUCT_NAME = "$(TARGET_NAME)";
				SUPPORTED_PLATFORMS = "iphoneos iphonesimulator";
				SUPPORTS_MACCATALYST = NO;
				SUPPORTS_MAC_DESIGNED_FOR_IPHONE_IPAD = NO;
				SWIFT_EMIT_LOC_STRINGS = YES;
				SWIFT_VERSION = 5.0;
				TARGETED_DEVICE_FAMILY = 2;
			};
			name = Debug;
		};
		FF3AF8792A53D6B3003E5C48 /* Release */ = {
			isa = XCBuildConfiguration;
			buildSettings = {
				ASSETCATALOG_COMPILER_APPICON_NAME = AppIcon;
				ASSETCATALOG_COMPILER_GLOBAL_ACCENT_COLOR_NAME = AccentColor;
				CODE_SIGN_STYLE = Automatic;
				CURRENT_PROJECT_VERSION = 1;
				DEVELOPMENT_TEAM = HFX859F777;
				GENERATE_INFOPLIST_FILE = YES;
				INFOPLIST_KEY_UIApplicationSupportsIndirectInputEvents = YES;
				INFOPLIST_KEY_UILaunchStoryboardName = LaunchScreen;
				INFOPLIST_KEY_UIMainStoryboardFile = Main;
				INFOPLIST_KEY_UIStatusBarHidden = YES;
				INFOPLIST_KEY_UISupportedInterfaceOrientations = "UIInterfaceOrientationLandscapeLeft UIInterfaceOrientationLandscapeRight UIInterfaceOrientationPortrait";
				INFOPLIST_KEY_UISupportedInterfaceOrientations_iPad = "UIInterfaceOrientationLandscapeLeft UIInterfaceOrientationLandscapeRight";
				LD_RUNPATH_SEARCH_PATHS = (
					"$(inherited)",
					"@executable_path/Frameworks",
				);
				MARKETING_VERSION = 1.0;
				PRODUCT_BUNDLE_IDENTIFIER = me.shanta.sajid.Project23;
				PRODUCT_NAME = "$(TARGET_NAME)";
				SUPPORTED_PLATFORMS = "iphoneos iphonesimulator";
				SUPPORTS_MACCATALYST = NO;
				SUPPORTS_MAC_DESIGNED_FOR_IPHONE_IPAD = NO;
				SWIFT_EMIT_LOC_STRINGS = YES;
				SWIFT_VERSION = 5.0;
				TARGETED_DEVICE_FAMILY = 2;
			};
			name = Release;
		};
/* End XCBuildConfiguration section */

/* Begin XCConfigurationList section */
		FF3AF85B2A53D6B3003E5C48 /* Build configuration list for PBXProject "Project23" */ = {
			isa = XCConfigurationList;
			buildConfigurations = (
				FF3AF8752A53D6B3003E5C48 /* Debug */,
				FF3AF8762A53D6B3003E5C48 /* Release */,
			);
			defaultConfigurationIsVisible = 0;
			defaultConfigurationName = Release;
		};
		FF3AF8772A53D6B3003E5C48 /* Build configuration list for PBXNativeTarget "Project23" */ = {
			isa = XCConfigurationList;
			buildConfigurations = (
				FF3AF8782A53D6B3003E5C48 /* Debug */,
				FF3AF8792A53D6B3003E5C48 /* Release */,
			);
			defaultConfigurationIsVisible = 0;
			defaultConfigurationName = Release;
		};
/* End XCConfigurationList section */
	};
	rootObject = FF3AF8582A53D6B3003E5C48 /* Project object */;
}
